
Microsoft Visual Studio Solution File, Format Version 12.00
# Visual Studio 15
VisualStudioVersion = 15.0.28307.329
MinimumVisualStudioVersion = 10.0.40219.1
Project("{FAE04EC0-301F-11D3-BF4B-00C04F79EFBC}") = "HashtableHW", "HashtableHW\HashtableHW.csproj", "{EC74D741-8CEB-451D-82A7-F85262AA7E13}"
EndProject
Global
	GlobalSection(SolutionConfigurationPlatforms) = preSolution
		Debug|Any CPU = Debug|Any CPU
		Release|Any CPU = Release|Any CPU
	EndGlobalSection
	GlobalSection(ProjectConfigurationPlatforms) = postSolution
		{EC74D741-8CEB-451D-82A7-F85262AA7E13}.Debug|Any CPU.ActiveCfg = Debug|Any CPU
		{EC74D741-8CEB-451D-82A7-F85262AA7E13}.Debug|Any CPU.Build.0 = Debug|Any CPU
		{EC74D741-8CEB-451D-82A7-F85262AA7E13}.Release|Any CPU.ActiveCfg = Release|Any CPU
		{EC74D741-8CEB-451D-82A7-F85262AA7E13}.Release|Any CPU.Build.0 = Release|Any CPU
	EndGlobalSection
	GlobalSection(SolutionProperties) = preSolution
		HideSolutionNode = FALSE
	EndGlobalSection
	GlobalSection(ExtensibilityGlobals) = postSolution
		SolutionGuid = {F68AD3C5-8ECC-4A2B-A977-E31138859BD8}
	EndGlobalSection
EndGlobal
